{
  "object": {
    "pins": [
      {
        "package": "RDError",
        "repositoryURL": "git@github.com:drrost/swift-error.git",
        "state": {
          "branch": null,
          "revision": "093f2e8a484b601b119add0c0798e4ab190fbf1a",
          "version": "1.0.4"
        }
      },
      {
        "package": "ExtensionsFoundation",
        "repositoryURL": "git@github.com:drrost/swift-extensions-foundation.git",
        "state": {
          "branch": null,
          "revision": "4f3e817f608c8135a9354cfa7cd60eb5e72ac89b",
          "version": "1.2.1"
        }
      }
    ]
  },
  "version": 1
}
