{
  "object": {
    "pins": [
      {
        "package": "RDError",
        "repositoryURL": "git@github.com:drrost/swift-error.git",
        "state": {
          "branch": null,
          "revision": "093f2e8a484b601b119add0c0798e4ab190fbf1a",
          "version": "1.0.4"
        }
      },
      {
        "package": "ExtensionsFoundation",
        "repositoryURL": "git@github.com:drrost/swift-extensions-foundation.git",
        "state": {
          "branch": null,
          "revision": "351a38b708e50b44725d0f815a5d43006057d58d",
          "version": "1.1.8"
        }
      }
    ]
  },
  "version": 1
}
